
Microsoft Visual Studio Solution File, Format Version 12.00
# Visual Studio Version 17
VisualStudioVersion = 17.9.34607.119
MinimumVisualStudioVersion = 10.0.40219.1
Project("{9092AA53-FB77-4645-B42D-1CCCA6BD08BD}") = "node-typescript-console-menu", "node-typescript-console-menu.njsproj", "{F3B96623-2EE5-46D1-8344-41CA5D8E34A7}"
EndProject
Global
	GlobalSection(SolutionConfigurationPlatforms) = preSolution
		Debug|Any CPU = Debug|Any CPU
		Release|Any CPU = Release|Any CPU
	EndGlobalSection
	GlobalSection(ProjectConfigurationPlatforms) = postSolution
		{F3B96623-2EE5-46D1-8344-41CA5D8E34A7}.Debug|Any CPU.ActiveCfg = Debug|Any CPU
		{F3B96623-2EE5-46D1-8344-41CA5D8E34A7}.Debug|Any CPU.Build.0 = Debug|Any CPU
		{F3B96623-2EE5-46D1-8344-41CA5D8E34A7}.Release|Any CPU.ActiveCfg = Release|Any CPU
		{F3B96623-2EE5-46D1-8344-41CA5D8E34A7}.Release|Any CPU.Build.0 = Release|Any CPU
	EndGlobalSection
	GlobalSection(SolutionProperties) = preSolution
		HideSolutionNode = FALSE
	EndGlobalSection
	GlobalSection(ExtensibilityGlobals) = postSolution
		SolutionGuid = {7F7B68A1-70D8-4617-97E3-9F1C856E6E12}
	EndGlobalSection
EndGlobal
